{
    "name": "nodejs",
    "lockfileVersion": 3,
    "requires": true,
    "packages": {
        "": {
            "dependencies": {
                "hrrydgls-greet": "^1.0.0"
            }
        },
        "node_modules/hrrydgls-greet": {
            "version": "1.0.0",
            "resolved": "https://registry.npmjs.org/hrrydgls-greet/-/hrrydgls-greet-1.0.0.tgz",
            "integrity": "sha512-xELBd7KwGAgio/8PFDNGyDRXjbmQ4pITTz5QtHymJZsZCt38Sr44yfGsd40TDInYJVsbs2zK6Hj/Hl/g2ryZXg=="
        }
    }
}
