{
    "name": "nodejs",
    "lockfileVersion": 3,
    "requires": true,
    "packages": {
        "": {
            "dependencies": {
                "hrrydgls-greet": "^1.0.0"
            }
        },
        "node_modules/hrrydgls-greet": {
            "version": "1.0.1",
            "resolved": "https://registry.npmjs.org/hrrydgls-greet/-/hrrydgls-greet-1.0.1.tgz",
            "integrity": "sha512-43lTcoiPPkJ1babq79BIlhGQ+j7kBXIhjqPIV+OOvid7Ydo2yLLyxUuou+t7O0jhxljJ6s03azNDRQOVWKhntA=="
        }
    }
}
